# THIS IS AN AUTOGENERATED FILE. DO NOT EDIT THIS FILE DIRECTLY.
# yarn lockfile v1


"@angular/common@^7.2.7":
  version "7.2.15"
  resolved "https://registry.yarnpkg.com/@angular/common/-/common-7.2.15.tgz#e6c2f6913cdc49f87adcaabc30604e721561374b"
  dependencies:
    tslib "^1.9.0"

"@angular/core@^7.2.7":
  version "7.2.15"
  resolved "https://registry.yarnpkg.com/@angular/core/-/core-7.2.15.tgz#c00d4be0ebe95b70f7631154169509cc97934e9a"
  dependencies:
    tslib "^1.9.0"

"@angular/http@^7.2.7":
  version "7.2.15"
  resolved "https://registry.yarnpkg.com/@angular/http/-/http-7.2.15.tgz#a32bea9e67e99eef88150085aeebbe7aeecd39eb"
  dependencies:
    tslib "^1.9.0"

"@types/node@~11.9.5":
  version "11.9.6"
  resolved "https://registry.yarnpkg.com/@types/node/-/node-11.9.6.tgz#c632bbcc780a1349673a6e2e9b9dfa8c369d3c74"

tslib@^1.9.0:
  version "1.10.0"
  resolved "https://registry.yarnpkg.com/tslib/-/tslib-1.10.0.tgz#c3c19f95973fb0a62973fb09d90d961ee43e5c8a"
