# THIS IS AN AUTOGENERATED FILE. DO NOT EDIT THIS FILE DIRECTLY.
# yarn lockfile v1


"@babel/runtime@^7.0.0":
  version "7.8.4"
  resolved "https://registry.yarnpkg.com/@babel/runtime/-/runtime-7.8.4.tgz#d79f5a2040f7caa24d53e563aad49cbc05581308"
  dependencies:
    regenerator-runtime "^0.13.2"

"@solid/jose@0.1.8":
  version "0.1.8"
  resolved "https://registry.yarnpkg.com/@solid/jose/-/jose-0.1.8.tgz#dcff7fdfc145890fa2c42a75d3585e0fd98dd8bf"
  dependencies:
    "@trust/json-document" "^0.1.4"
    "@trust/webcrypto" "^0.9.2"
    base64url "^3.0.0"
    text-encoding "^0.6.4"

"@solid/oidc-rp@^0.8.0":
  version "0.8.0"
  resolved "https://registry.yarnpkg.com/@solid/oidc-rp/-/oidc-rp-0.8.0.tgz#1cfd128fef1fa4fd03bafeff8cfdb6568d298857"
  dependencies:
    "@solid/jose" "0.1.8"
    "@trust/json-document" "^0.1.4"
    "@trust/webcrypto" "0.9.2"
    base64url "^3.0.0"
    node-fetch "^2.1.2"
    standard-http-error "^2.0.1"
    text-encoding "^0.6.4"
    whatwg-url "^6.4.1"

"@trust/json-document@^0.1.4":
  version "0.1.4"
  resolved "https://registry.yarnpkg.com/@trust/json-document/-/json-document-0.1.4.tgz#b2023b1e145ba7685bd1f36ec7b69128940073e9"

"@trust/keyto@^0.3.4":
  version "0.3.7"
  resolved "https://registry.yarnpkg.com/@trust/keyto/-/keyto-0.3.7.tgz#e251264e302a7a6be64a3e208dacb2ef6268c946"
  dependencies:
    asn1.js "^5.0.1"
    base64url "^3.0.1"
    elliptic "^6.4.1"

"@trust/webcrypto@0.9.2", "@trust/webcrypto@^0.9.2":
  version "0.9.2"
  resolved "https://registry.yarnpkg.com/@trust/webcrypto/-/webcrypto-0.9.2.tgz#c699d4c026a4446b04faa54d5389a81888ba713c"
  dependencies:
    "@trust/keyto" "^0.3.4"
    base64url "^3.0.0"
    elliptic "^6.4.0"
    node-rsa "^0.4.0"
    text-encoding "^0.6.1"

"@types/node@~11.9.5":
  version "11.9.6"
  resolved "https://registry.yarnpkg.com/@types/node/-/node-11.9.6.tgz#c632bbcc780a1349673a6e2e9b9dfa8c369d3c74"

"@types/solid-auth-client@^2.3.1":
  version "2.3.1"
  resolved "https://registry.yarnpkg.com/@types/solid-auth-client/-/solid-auth-client-2.3.1.tgz#3b09285d277a77b6e0f79b48a003ed89ab0feae0"

asn1.js@^5.0.1:
  version "5.3.0"
  resolved "https://registry.yarnpkg.com/asn1.js/-/asn1.js-5.3.0.tgz#439099fe9174e09cff5a54a9dda70260517e8689"
  dependencies:
    bn.js "^4.0.0"
    inherits "^2.0.1"
    minimalistic-assert "^1.0.0"
    safer-buffer "^2.1.0"

asn1@0.2.3:
  version "0.2.3"
  resolved "https://registry.yarnpkg.com/asn1/-/asn1-0.2.3.tgz#dac8787713c9966849fc8180777ebe9c1ddf3b86"

auth-header@^1.0.0:
  version "1.0.0"
  resolved "https://registry.yarnpkg.com/auth-header/-/auth-header-1.0.0.tgz#ea24fdc5588e1eb8b750df8655a396aa48fc9076"

base64url@^3.0.0, base64url@^3.0.1:
  version "3.0.1"
  resolved "https://registry.yarnpkg.com/base64url/-/base64url-3.0.1.tgz#6399d572e2bc3f90a9a8b22d5dbb0a32d33f788d"

bn.js@^4.0.0, bn.js@^4.4.0:
  version "4.11.8"
  resolved "https://registry.yarnpkg.com/bn.js/-/bn.js-4.11.8.tgz#2cde09eb5ee341f484746bb0309b3253b1b1442f"

brorand@^1.0.1:
  version "1.1.0"
  resolved "https://registry.yarnpkg.com/brorand/-/brorand-1.1.0.tgz#12c25efe40a45e3c323eb8675a0a0ce57b22371f"

commander@^2.11.0:
  version "2.20.3"
  resolved "https://registry.yarnpkg.com/commander/-/commander-2.20.3.tgz#fd485e84c03eb4881c20722ba48035e8531aeb33"

elliptic@^6.4.0, elliptic@^6.4.1:
  version "6.5.2"
  resolved "https://registry.yarnpkg.com/elliptic/-/elliptic-6.5.2.tgz#05c5678d7173c049d8ca433552224a495d0e3762"
  dependencies:
    bn.js "^4.4.0"
    brorand "^1.0.1"
    hash.js "^1.0.0"
    hmac-drbg "^1.0.0"
    inherits "^2.0.1"
    minimalistic-assert "^1.0.0"
    minimalistic-crypto-utils "^1.0.0"

encoding@^0.1.11:
  version "0.1.12"
  resolved "https://registry.yarnpkg.com/encoding/-/encoding-0.1.12.tgz#538b66f3ee62cd1ab51ec323829d1f9480c74beb"
  dependencies:
    iconv-lite "~0.4.13"

hash.js@^1.0.0, hash.js@^1.0.3:
  version "1.1.7"
  resolved "https://registry.yarnpkg.com/hash.js/-/hash.js-1.1.7.tgz#0babca538e8d4ee4a0f8988d68866537a003cf42"
  dependencies:
    inherits "^2.0.3"
    minimalistic-assert "^1.0.1"

hmac-drbg@^1.0.0:
  version "1.0.1"
  resolved "https://registry.yarnpkg.com/hmac-drbg/-/hmac-drbg-1.0.1.tgz#d2745701025a6c775a6c545793ed502fc0c649a1"
  dependencies:
    hash.js "^1.0.3"
    minimalistic-assert "^1.0.0"
    minimalistic-crypto-utils "^1.0.1"

iconv-lite@~0.4.13:
  version "0.4.24"
  resolved "https://registry.yarnpkg.com/iconv-lite/-/iconv-lite-0.4.24.tgz#2022b4b25fbddc21d2f524974a474aafe733908b"
  dependencies:
    safer-buffer ">= 2.1.2 < 3"

inherits@^2.0.1, inherits@^2.0.3:
  version "2.0.4"
  resolved "https://registry.yarnpkg.com/inherits/-/inherits-2.0.4.tgz#0fa2c64f932917c3433a0ded55363aae37416b7c"

is-stream@^1.0.1:
  version "1.1.0"
  resolved "https://registry.yarnpkg.com/is-stream/-/is-stream-1.1.0.tgz#12d4a3dd4e68e0b79ceb8dbc84173ae80d91ca44"

isomorphic-fetch@^2.2.1:
  version "2.2.1"
  resolved "https://registry.yarnpkg.com/isomorphic-fetch/-/isomorphic-fetch-2.2.1.tgz#611ae1acf14f5e81f729507472819fe9733558a9"
  dependencies:
    node-fetch "^1.0.1"
    whatwg-fetch ">=0.10.0"

lodash.sortby@^4.7.0:
  version "4.7.0"
  resolved "https://registry.yarnpkg.com/lodash.sortby/-/lodash.sortby-4.7.0.tgz#edd14c824e2cc9c1e0b0a1b42bb5210516a42438"

minimalistic-assert@^1.0.0, minimalistic-assert@^1.0.1:
  version "1.0.1"
  resolved "https://registry.yarnpkg.com/minimalistic-assert/-/minimalistic-assert-1.0.1.tgz#2e194de044626d4a10e7f7fbc00ce73e83e4d5c7"

minimalistic-crypto-utils@^1.0.0, minimalistic-crypto-utils@^1.0.1:
  version "1.0.1"
  resolved "https://registry.yarnpkg.com/minimalistic-crypto-utils/-/minimalistic-crypto-utils-1.0.1.tgz#f6c00c1c0b082246e5c4d99dfb8c7c083b2b582a"

node-fetch@^1.0.1:
  version "1.7.3"
  resolved "https://registry.yarnpkg.com/node-fetch/-/node-fetch-1.7.3.tgz#980f6f72d85211a5347c6b2bc18c5b84c3eb47ef"
  dependencies:
    encoding "^0.1.11"
    is-stream "^1.0.1"

node-fetch@^2.1.2:
  version "2.6.0"
  resolved "https://registry.yarnpkg.com/node-fetch/-/node-fetch-2.6.0.tgz#e633456386d4aa55863f676a7ab0daa8fdecb0fd"

node-rsa@^0.4.0:
  version "0.4.2"
  resolved "https://registry.yarnpkg.com/node-rsa/-/node-rsa-0.4.2.tgz#d6391729ec16a830ed5a38042b3157d2d5d72530"
  dependencies:
    asn1 "0.2.3"

punycode@^2.1.0:
  version "2.1.1"
  resolved "https://registry.yarnpkg.com/punycode/-/punycode-2.1.1.tgz#b58b010ac40c22c5657616c8d2c2c02c7bf479ec"

regenerator-runtime@^0.13.2:
  version "0.13.3"
  resolved "https://registry.yarnpkg.com/regenerator-runtime/-/regenerator-runtime-0.13.3.tgz#7cf6a77d8f5c6f60eb73c5fc1955b2ceb01e6bf5"

"safer-buffer@>= 2.1.2 < 3", safer-buffer@^2.1.0:
  version "2.1.2"
  resolved "https://registry.yarnpkg.com/safer-buffer/-/safer-buffer-2.1.2.tgz#44fa161b0187b9549dd84bb91802f9bd8385cd6a"

solid-auth-client@^2.4.1:
  version "2.4.1"
  resolved "https://registry.yarnpkg.com/solid-auth-client/-/solid-auth-client-2.4.1.tgz#744939fce565f7c2913605fb23eee7e1e706de7d"
  dependencies:
    "@babel/runtime" "^7.0.0"
    "@solid/oidc-rp" "^0.8.0"
    auth-header "^1.0.0"
    commander "^2.11.0"
    isomorphic-fetch "^2.2.1"

"standard-error@>= 1.1.0 < 2":
  version "1.1.0"
  resolved "https://registry.yarnpkg.com/standard-error/-/standard-error-1.1.0.tgz#23e5168fa1c0820189e5812701a79058510d0d34"

standard-http-error@^2.0.1:
  version "2.0.1"
  resolved "https://registry.yarnpkg.com/standard-http-error/-/standard-http-error-2.0.1.tgz#f8ae9172e3cef9cb38d2e7084a1925f57a7c34bd"
  dependencies:
    standard-error ">= 1.1.0 < 2"

text-encoding@^0.6.1, text-encoding@^0.6.4:
  version "0.6.4"
  resolved "https://registry.yarnpkg.com/text-encoding/-/text-encoding-0.6.4.tgz#e399a982257a276dae428bb92845cb71bdc26d19"

tr46@^1.0.1:
  version "1.0.1"
  resolved "https://registry.yarnpkg.com/tr46/-/tr46-1.0.1.tgz#a8b13fd6bfd2489519674ccde55ba3693b706d09"
  dependencies:
    punycode "^2.1.0"

webidl-conversions@^4.0.2:
  version "4.0.2"
  resolved "https://registry.yarnpkg.com/webidl-conversions/-/webidl-conversions-4.0.2.tgz#a855980b1f0b6b359ba1d5d9fb39ae941faa63ad"

whatwg-fetch@>=0.10.0:
  version "3.0.0"
  resolved "https://registry.yarnpkg.com/whatwg-fetch/-/whatwg-fetch-3.0.0.tgz#fc804e458cc460009b1a2b966bc8817d2578aefb"

whatwg-url@^6.4.1:
  version "6.5.0"
  resolved "https://registry.yarnpkg.com/whatwg-url/-/whatwg-url-6.5.0.tgz#f2df02bff176fd65070df74ad5ccbb5a199965a8"
  dependencies:
    lodash.sortby "^4.7.0"
    tr46 "^1.0.1"
    webidl-conversions "^4.0.2"
