# THIS IS AN AUTOGENERATED FILE. DO NOT EDIT THIS FILE DIRECTLY.
# yarn lockfile v1


"@angular/common@^7.2.0":
  version "7.2.16"
  resolved "https://registry.yarnpkg.com/@angular/common/-/common-7.2.16.tgz#72127b5ed7d75a400c58b9bd6c2cd691f47c8096"
  dependencies:
    tslib "^1.9.0"

"@angular/core@^7.2.0":
  version "7.2.16"
  resolved "https://registry.yarnpkg.com/@angular/core/-/core-7.2.16.tgz#317f707bc75ca5a90ba470c34e49e6adb7026e85"
  dependencies:
    tslib "^1.9.0"

"@digita/dgt-shared-test@latest":
  version "0.0.1"
  resolved "https://registry.yarnpkg.com/@digita/dgt-shared-test/-/dgt-shared-test-0.0.1.tgz#a4cf184fadb585c0f2eec8a84288964bd13d2e40"
  dependencies:
    "@angular/common" "^7.2.0"
    "@angular/core" "^7.2.0"
    tslib "^1.9.0"

"@types/node@*":
  version "12.7.8"
  resolved "https://registry.yarnpkg.com/@types/node/-/node-12.7.8.tgz#cb1bf6800238898bc2ff6ffa5702c3cadd350708"

"@types/node@~11.9.5":
  version "11.9.6"
  resolved "https://registry.yarnpkg.com/@types/node/-/node-11.9.6.tgz#c632bbcc780a1349673a6e2e9b9dfa8c369d3c74"

"@types/uuid@3.4.3":
  version "3.4.3"
  resolved "https://registry.yarnpkg.com/@types/uuid/-/uuid-3.4.3.tgz#121ace265f5569ce40f4f6d0ff78a338c732a754"
  dependencies:
    "@types/node" "*"

tslib@^1.9.0:
  version "1.10.0"
  resolved "https://registry.yarnpkg.com/tslib/-/tslib-1.10.0.tgz#c3c19f95973fb0a62973fb09d90d961ee43e5c8a"
